dependencies:
- name: pm4ml-ui
  repository: file://../pm4ml-ui
  version: 1.8.9
- name: pm4ml-experience-api
  repository: file://../pm4ml-experience-api
  version: 1.8.15
- name: pm4ml-management-api-service
  repository: file://../pm4ml-management-api-service
  version: 1.9.5
- name: redis
  repository: https://charts.bitnami.com/bitnami
  version: 10.7.16
- name: pm4ml-mojaloop-connector
  repository: file://../pm4ml-mojaloop-connector
  version: 1.2.8
- name: mojaloop-core-connector
  repository: file://../mojaloop-core-connector
  version: 1.1.0
- name: prometheus
  repository: https://prometheus-community.github.io/helm-charts
  version: 11.16.9
- name: vault
  repository: https://helm.releases.hashicorp.com
  version: 0.14.0
- name: ml-testing-toolkit
  repository: http://mojaloop.io/helm/repo
  version: 12.2.0
- name: keycloak
  repository: https://codecentric.github.io/helm-charts
  version: 10.3.0
- name: sim-backend
  repository: file://../mojaloop-simulator-backend
  version: 1.0.1
digest: sha256:4ae827397b5f96b9127d98aadbabce3af1c30ac72a47deca2af302e3fad31ab3
generated: "2021-09-11T00:31:14.913227+05:30"
